hash: 530b01675f629f153c27798fe3aadb2ee77244759fb958a72f3764bae24e6d87
updated: 2017-08-13T15:22:54.337920394-04:00
imports:
- name: github.com/alecthomas/kingpin
  version: 1087e65c9441605df944fb12c33f0fe7072d18ca
- name: github.com/alecthomas/template
  version: 14fd436dd20c3cc65242a9f396b61bfc8a3926fc
  subpackages:
  - parse
- name: github.com/alecthomas/units
  version: 2efee857e7cfd4f3d0138cc3cbb1b4966962b93a
- name: github.com/armon/go-metrics
  version: f036747b9d0e8590f175a5d654a2194a7d9df4b5
- name: github.com/aws/aws-sdk-go
  version: db14171eb3a0a13125d9cc2d9ebc7cbdb4e737b6
  subpackages:
  - aws
  - aws/session
  - service/ec2
- name: github.com/circonus-labs/circonus-gometrics
  version: c2344fc6143bb05f9f585aedd58a9444160149e1
- name: github.com/gizak/termui
  version: bfde399a8caee62789593f2cbbda70feee4d5553
- name: github.com/godbus/dbus
  version: bd29ed602e2cf4207ebcabcd530259169e4289ba
- name: github.com/hashicorp/errwrap
  version: 7554cd9344cec97297fa6649b055a8c98c2a1e55
- name: github.com/hashicorp/go-msgpack
  version: fa3f63826f7c23912c15263591e65d54d080b458
  subpackages:
  - codec
- name: github.com/hashicorp/go-multierror
  version: ed905158d87462226a13fe39ddf685ea65f1c11f
- name: github.com/hashicorp/go-sockaddr
  version: 2d10d7c10258d11196c0ebf2943509e4afd06cd4
- name: github.com/hashicorp/memberlist
  version: 16fe34d996eba2b68f6f46f26c51c617c6bc1bf0
- name: github.com/hashicorp/raft
  version: ac704075e75b8626023224c76c56be4d6958a5dc
- name: github.com/hashicorp/serf
  version: e0e11d82226a61dd9b31c1df562dc9101ee86142
  subpackages:
  - serf
- name: github.com/huin/goupnp
  version: 9b81a7424f2384e4df098d4ac9096f9ed9d8ef95
  subpackages:
  - dcps/internetgateway2
  - httpu
  - scpd
  - soap
  - ssdp
- name: github.com/kballard/go-shellquote
  version: cd60e84ee657ff3dc51de0b4f55dd299a3e136f2
- name: github.com/manveru/faker
  version: 717f7cf83fb78669bfab612749c2e8ff63d5be11
- name: github.com/maruel/panicparse
  version: c139306d9b850f842c12be39998d2fcecfdf2e34
  subpackages:
  - stack
- name: github.com/mattn/go-runewidth
  version: 97311d9f7767e3d6f422ea06661bc2c7a19e8a5d
- name: github.com/miekg/dns
  version: e78414ef75607394ad7d917824f07f381df2eafa
- name: github.com/mitchellh/go-wordwrap
  version: ad45545899c7b13c020ea92b2072220eefad42b8
- name: github.com/nsf/termbox-go
  version: 4ed959e0540971545eddb8c75514973d670cf739
- name: github.com/pkg/errors
  version: 17b591df37844cde689f4d5813e5cea0927d8dd2
- name: github.com/sean-/seed
  version: e2103e2c35297fb7e17febb81e49b312087a2372
- name: golang.org/x/net
  version: 8968c61983e8f51a91b8c0ef25bf739278c89634
  subpackages:
  - html
  - html/atom
  - html/charset
- name: golang.org/x/text
  version: b19bf474d317b857955b12035d2c5acb57ce8b01
  subpackages:
  - encoding
  - encoding/charmap
  - encoding/htmlindex
  - encoding/internal
  - encoding/internal/identifier
  - encoding/japanese
  - encoding/korean
  - encoding/simplifiedchinese
  - encoding/traditionalchinese
  - encoding/unicode
  - internal/tag
  - internal/utf8internal
  - language
  - runes
  - transform
- name: gopkg.in/yaml.v2
  version: cd8b52f8269e0feb286dfeef29f8fe4d5b397e0b
testImports:
- name: github.com/onsi/ginkgo
  version: ac3d45ddd7ef5c4d7fc4d037b615a81f4d67981e
  subpackages:
  - config
  - extensions/table
  - internal/codelocation
  - internal/containernode
  - internal/failer
  - internal/leafnodes
  - internal/remote
  - internal/spec
  - internal/specrunner
  - internal/suite
  - internal/testingtproxy
  - internal/writer
  - reporters
  - reporters/stenographer
  - types
- name: github.com/onsi/gomega
  version: c72df929b80ef4930aaa75d5e486887ff2f3e06a
  subpackages:
  - format
  - internal/assertion
  - internal/asyncassertion
  - internal/oraclematcher
  - internal/testingtsupport
  - matchers
  - matchers/support/goraph/bipartitegraph
  - matchers/support/goraph/edge
  - matchers/support/goraph/node
  - matchers/support/goraph/util
  - types
