hash: 57c19205d3565cf9576fc166bb8e57ba9d28fbe49896ee1afe8869c3f9480d1f
updated: 2017-02-05T10:28:35.730183054-05:00
imports:
- name: github.com/alecthomas/kingpin
  version: 4632cad00ac4bf4c455622ebfae46580c3890b8f
- name: github.com/alecthomas/template
  version: a0175ee3bccc567396460bf5acd36800cb10c49c
  subpackages:
  - parse
- name: github.com/alecthomas/units
  version: 2efee857e7cfd4f3d0138cc3cbb1b4966962b93a
- name: github.com/armon/go-metrics
  version: 3df31a1ada83e310c2e24b267c8e8b68836547b4
- name: github.com/aws/aws-sdk-go
  version: 13d7266e75bd078dd0e904106be68b2e52860fd7
  subpackages:
  - aws
  - aws/session
  - service/ec2
- name: github.com/circonus-labs/circonus-gometrics
  version: 02e91ce11e80e4ee29de4fec93250f04ba47f222
- name: github.com/gizak/termui
  version: bfde399a8caee62789593f2cbbda70feee4d5553
- name: github.com/godbus/dbus
  version: 7a8c533d28e8162671a81090af5b9f78b74e2d26
- name: github.com/hashicorp/errwrap
  version: 7554cd9344cec97297fa6649b055a8c98c2a1e55
- name: github.com/hashicorp/go-msgpack
  version: fa3f63826f7c23912c15263591e65d54d080b458
  subpackages:
  - codec
- name: github.com/hashicorp/go-multierror
  version: d30f09973e19c1dfcd120b2d9c4f168e68d6b5d5
- name: github.com/hashicorp/memberlist
  version: b2053e314b4a87e5f0d2d47aeafd3e03be13da90
- name: github.com/hashicorp/serf
  version: f0080c8768f0f2817c8b0fa1029c48d5d81242b4
  subpackages:
  - serf
- name: github.com/kballard/go-shellquote
  version: d8ec1a69a250a17bb0e419c386eac1f3711dc142
- name: github.com/manveru/faker
  version: 717f7cf83fb78669bfab612749c2e8ff63d5be11
- name: github.com/maruel/panicparse
  version: ad661195ed0e88491e0f14be6613304e3b1141d6
  subpackages:
  - stack
- name: github.com/mattn/go-runewidth
  version: 14207d285c6c197daabb5c9793d63e7af9ab2d50
- name: github.com/miekg/dns
  version: db96a2b759cdef4f11a34506a42eb8d1290c598e
- name: github.com/mitchellh/go-wordwrap
  version: ad45545899c7b13c020ea92b2072220eefad42b8
- name: github.com/nsf/termbox-go
  version: abe82ce5fb7a42fbd6784a5ceb71aff977e09ed8
- name: github.com/pkg/errors
  version: 17b591df37844cde689f4d5813e5cea0927d8dd2
testImports:
- name: github.com/onsi/ginkgo
  version: ac3d45ddd7ef5c4d7fc4d037b615a81f4d67981e
  subpackages:
  - config
  - internal/codelocation
  - internal/containernode
  - internal/failer
  - internal/leafnodes
  - internal/remote
  - internal/spec
  - internal/specrunner
  - internal/suite
  - internal/testingtproxy
  - internal/writer
  - reporters
  - reporters/stenographer
  - types
- name: github.com/onsi/gomega
  version: c72df929b80ef4930aaa75d5e486887ff2f3e06a
  subpackages:
  - format
  - internal/assertion
  - internal/asyncassertion
  - internal/oraclematcher
  - internal/testingtsupport
  - matchers
  - matchers/support/goraph/bipartitegraph
  - matchers/support/goraph/edge
  - matchers/support/goraph/node
  - matchers/support/goraph/util
  - types
